
Microsoft Visual Studio Solution File, Format Version 12.00
# Visual Studio Version 17
VisualStudioVersion = 17.5.33103.201
MinimumVisualStudioVersion = 10.0.40219.1
Project("{9A19103F-16F7-4668-BE54-9A1E7A4F7556}") = "ConsoleForExecution", "Console\ConsoleForExecution.csproj", "{2E1C09D7-8AFB-4BA4-B7B0-234CC3785392}"
EndProject
Project("{9A19103F-16F7-4668-BE54-9A1E7A4F7556}") = "SourceGenerator", "SourceGenerator\SourceGenerator.csproj", "{E3A1ACFE-B12A-4B3F-ACF0-C7EBD0297930}"
EndProject
Global
	GlobalSection(SolutionConfigurationPlatforms) = preSolution
		Debug|Any CPU = Debug|Any CPU
		Release|Any CPU = Release|Any CPU
	EndGlobalSection
	GlobalSection(ProjectConfigurationPlatforms) = postSolution
		{2E1C09D7-8AFB-4BA4-B7B0-234CC3785392}.Debug|Any CPU.ActiveCfg = Debug|Any CPU
		{2E1C09D7-8AFB-4BA4-B7B0-234CC3785392}.Debug|Any CPU.Build.0 = Debug|Any CPU
		{2E1C09D7-8AFB-4BA4-B7B0-234CC3785392}.Release|Any CPU.ActiveCfg = Release|Any CPU
		{2E1C09D7-8AFB-4BA4-B7B0-234CC3785392}.Release|Any CPU.Build.0 = Release|Any CPU
		{E3A1ACFE-B12A-4B3F-ACF0-C7EBD0297930}.Debug|Any CPU.ActiveCfg = Debug|Any CPU
		{E3A1ACFE-B12A-4B3F-ACF0-C7EBD0297930}.Debug|Any CPU.Build.0 = Debug|Any CPU
		{E3A1ACFE-B12A-4B3F-ACF0-C7EBD0297930}.Release|Any CPU.ActiveCfg = Release|Any CPU
		{E3A1ACFE-B12A-4B3F-ACF0-C7EBD0297930}.Release|Any CPU.Build.0 = Release|Any CPU
	EndGlobalSection
	GlobalSection(SolutionProperties) = preSolution
		HideSolutionNode = FALSE
	EndGlobalSection
	GlobalSection(ExtensibilityGlobals) = postSolution
		SolutionGuid = {9CE00BD7-9232-49D6-ABB4-5D59F7689596}
	EndGlobalSection
EndGlobal
